
Microsoft Visual Studio Solution File, Format Version 12.00
# Visual Studio 15
VisualStudioVersion = 15.0.27130.2026
MinimumVisualStudioVersion = 10.0.40219.1
Project("{F2A71F9B-5D33-465A-A702-920D77279786}") = "BestGirl", "BestGirl\BestGirl.fsproj", "{B3070FC1-96DE-4AF8-9883-F2A77FE1846A}"
EndProject
Project("{FAE04EC0-301F-11D3-BF4B-00C04F79EFBC}") = "MarkovController", "MarkovController\MarkovController.csproj", "{857374E8-CABC-4560-ACAD-B9FDB721952D}"
EndProject
Global
	GlobalSection(SolutionConfigurationPlatforms) = preSolution
		Debug|Any CPU = Debug|Any CPU
		Release|Any CPU = Release|Any CPU
	EndGlobalSection
	GlobalSection(ProjectConfigurationPlatforms) = postSolution
		{B3070FC1-96DE-4AF8-9883-F2A77FE1846A}.Debug|Any CPU.ActiveCfg = Debug|Any CPU
		{B3070FC1-96DE-4AF8-9883-F2A77FE1846A}.Debug|Any CPU.Build.0 = Debug|Any CPU
		{B3070FC1-96DE-4AF8-9883-F2A77FE1846A}.Release|Any CPU.ActiveCfg = Release|Any CPU
		{B3070FC1-96DE-4AF8-9883-F2A77FE1846A}.Release|Any CPU.Build.0 = Release|Any CPU
		{857374E8-CABC-4560-ACAD-B9FDB721952D}.Debug|Any CPU.ActiveCfg = Debug|Any CPU
		{857374E8-CABC-4560-ACAD-B9FDB721952D}.Debug|Any CPU.Build.0 = Debug|Any CPU
		{857374E8-CABC-4560-ACAD-B9FDB721952D}.Release|Any CPU.ActiveCfg = Release|Any CPU
		{857374E8-CABC-4560-ACAD-B9FDB721952D}.Release|Any CPU.Build.0 = Release|Any CPU
	EndGlobalSection
	GlobalSection(SolutionProperties) = preSolution
		HideSolutionNode = FALSE
	EndGlobalSection
	GlobalSection(ExtensibilityGlobals) = postSolution
		SolutionGuid = {D2DCEBD5-B8F0-4149-8464-89DD8696FC2E}
	EndGlobalSection
EndGlobal
