
Microsoft Visual Studio Solution File, Format Version 12.00
# Visual Studio 15
VisualStudioVersion = 15.0.27130.2026
MinimumVisualStudioVersion = 10.0.40219.1
Project("{FAE04EC0-301F-11D3-BF4B-00C04F79EFBC}") = "MarkovConsole", "MarkovConsole\MarkovConsole.csproj", "{EDF61BE8-DF99-4859-950B-C2E283447813}"
EndProject
Project("{FAE04EC0-301F-11D3-BF4B-00C04F79EFBC}") = "Monika", "Monika\Monika.csproj", "{33D2FC23-2DEC-45FB-B325-4813B1E8D21D}"
EndProject
Global
	GlobalSection(SolutionConfigurationPlatforms) = preSolution
		Debug|Any CPU = Debug|Any CPU
		Release|Any CPU = Release|Any CPU
	EndGlobalSection
	GlobalSection(ProjectConfigurationPlatforms) = postSolution
		{EDF61BE8-DF99-4859-950B-C2E283447813}.Debug|Any CPU.ActiveCfg = Debug|Any CPU
		{EDF61BE8-DF99-4859-950B-C2E283447813}.Debug|Any CPU.Build.0 = Debug|Any CPU
		{EDF61BE8-DF99-4859-950B-C2E283447813}.Release|Any CPU.ActiveCfg = Release|Any CPU
		{EDF61BE8-DF99-4859-950B-C2E283447813}.Release|Any CPU.Build.0 = Release|Any CPU
		{33D2FC23-2DEC-45FB-B325-4813B1E8D21D}.Debug|Any CPU.ActiveCfg = Debug|Any CPU
		{33D2FC23-2DEC-45FB-B325-4813B1E8D21D}.Debug|Any CPU.Build.0 = Debug|Any CPU
		{33D2FC23-2DEC-45FB-B325-4813B1E8D21D}.Release|Any CPU.ActiveCfg = Release|Any CPU
		{33D2FC23-2DEC-45FB-B325-4813B1E8D21D}.Release|Any CPU.Build.0 = Release|Any CPU
	EndGlobalSection
	GlobalSection(SolutionProperties) = preSolution
		HideSolutionNode = FALSE
	EndGlobalSection
	GlobalSection(ExtensibilityGlobals) = postSolution
		SolutionGuid = {C6CD3ADF-C172-42A4-9CFF-2114CE192DE7}
	EndGlobalSection
EndGlobal
